
Microsoft Visual Studio Solution File, Format Version 12.00
# Visual Studio Version 17
VisualStudioVersion = 17.1.32328.378
MinimumVisualStudioVersion = 10.0.40219.1
Project("{9A19103F-16F7-4668-BE54-9A1E7A4F7556}") = "BigBytes.JsonParticle", "BigBytes.JsonParticle\BigBytes.JsonParticle.csproj", "{DB1394B5-269D-4F63-8A9E-F7096194D72E}"
EndProject
Project("{FAE04EC0-301F-11D3-BF4B-00C04F79EFBC}") = "BigBytes.JsonParticle.Test", "BigBytes.JsonParticle.Test\BigBytes.JsonParticle.Test.csproj", "{D20F0EF9-5303-4749-B29C-E5ED1AD715AF}"
EndProject
Global
	GlobalSection(SolutionConfigurationPlatforms) = preSolution
		Debug|Any CPU = Debug|Any CPU
		Release|Any CPU = Release|Any CPU
	EndGlobalSection
	GlobalSection(ProjectConfigurationPlatforms) = postSolution
		{DB1394B5-269D-4F63-8A9E-F7096194D72E}.Debug|Any CPU.ActiveCfg = Debug|Any CPU
		{DB1394B5-269D-4F63-8A9E-F7096194D72E}.Debug|Any CPU.Build.0 = Debug|Any CPU
		{DB1394B5-269D-4F63-8A9E-F7096194D72E}.Release|Any CPU.ActiveCfg = Release|Any CPU
		{DB1394B5-269D-4F63-8A9E-F7096194D72E}.Release|Any CPU.Build.0 = Release|Any CPU
		{D20F0EF9-5303-4749-B29C-E5ED1AD715AF}.Debug|Any CPU.ActiveCfg = Debug|Any CPU
		{D20F0EF9-5303-4749-B29C-E5ED1AD715AF}.Debug|Any CPU.Build.0 = Debug|Any CPU
		{D20F0EF9-5303-4749-B29C-E5ED1AD715AF}.Release|Any CPU.ActiveCfg = Release|Any CPU
		{D20F0EF9-5303-4749-B29C-E5ED1AD715AF}.Release|Any CPU.Build.0 = Release|Any CPU
	EndGlobalSection
	GlobalSection(SolutionProperties) = preSolution
		HideSolutionNode = FALSE
	EndGlobalSection
	GlobalSection(ExtensibilityGlobals) = postSolution
		SolutionGuid = {284B866B-A315-4C2C-98C2-5805685EB2F0}
	EndGlobalSection
EndGlobal
